
Microsoft Visual Studio Solution File, Format Version 12.00
# Visual Studio Version 17
VisualStudioVersion = 17.4.33205.214
MinimumVisualStudioVersion = 10.0.40219.1
Project("{9A19103F-16F7-4668-BE54-9A1E7A4F7556}") = "EMP.Website", "EMP.Website\EMP.Website.csproj", "{5991E247-32B7-4F8F-86F9-749317686A21}"
EndProject
Project("{FAE04EC0-301F-11D3-BF4B-00C04F79EFBC}") = "EMP.Service", "EMP.Service\EMP.Service.csproj", "{81D2F575-DAA9-4F0F-AE7F-BDD80FAC572F}"
EndProject
Global
	GlobalSection(SolutionConfigurationPlatforms) = preSolution
		Debug|Any CPU = Debug|Any CPU
		Release|Any CPU = Release|Any CPU
	EndGlobalSection
	GlobalSection(ProjectConfigurationPlatforms) = postSolution
		{5991E247-32B7-4F8F-86F9-749317686A21}.Debug|Any CPU.ActiveCfg = Debug|Any CPU
		{5991E247-32B7-4F8F-86F9-749317686A21}.Debug|Any CPU.Build.0 = Debug|Any CPU
		{5991E247-32B7-4F8F-86F9-749317686A21}.Release|Any CPU.ActiveCfg = Release|Any CPU
		{5991E247-32B7-4F8F-86F9-749317686A21}.Release|Any CPU.Build.0 = Release|Any CPU
		{81D2F575-DAA9-4F0F-AE7F-BDD80FAC572F}.Debug|Any CPU.ActiveCfg = Debug|Any CPU
		{81D2F575-DAA9-4F0F-AE7F-BDD80FAC572F}.Debug|Any CPU.Build.0 = Debug|Any CPU
		{81D2F575-DAA9-4F0F-AE7F-BDD80FAC572F}.Release|Any CPU.ActiveCfg = Release|Any CPU
		{81D2F575-DAA9-4F0F-AE7F-BDD80FAC572F}.Release|Any CPU.Build.0 = Release|Any CPU
	EndGlobalSection
	GlobalSection(SolutionProperties) = preSolution
		HideSolutionNode = FALSE
	EndGlobalSection
	GlobalSection(ExtensibilityGlobals) = postSolution
		SolutionGuid = {8A7BAD8D-DF0C-4C29-B52D-3B7B4F0AD7D7}
	EndGlobalSection
EndGlobal
